
Microsoft Visual Studio Solution File, Format Version 12.00
# Visual Studio Version 16
VisualStudioVersion = 16.0.34601.136
MinimumVisualStudioVersion = 10.0.40219.1
Project("{FAE04EC0-301F-11D3-BF4B-00C04F79EFBC}") = "Assignment1", "Assignment1\Assignment1.csproj", "{08B5A088-54E9-4217-B5B5-5F020D53951A}"
EndProject
Global
	GlobalSection(SolutionConfigurationPlatforms) = preSolution
		Debug|Any CPU = Debug|Any CPU
		Release|Any CPU = Release|Any CPU
	EndGlobalSection
	GlobalSection(ProjectConfigurationPlatforms) = postSolution
		{08B5A088-54E9-4217-B5B5-5F020D53951A}.Debug|Any CPU.ActiveCfg = Debug|Any CPU
		{08B5A088-54E9-4217-B5B5-5F020D53951A}.Debug|Any CPU.Build.0 = Debug|Any CPU
		{08B5A088-54E9-4217-B5B5-5F020D53951A}.Release|Any CPU.ActiveCfg = Release|Any CPU
		{08B5A088-54E9-4217-B5B5-5F020D53951A}.Release|Any CPU.Build.0 = Release|Any CPU
	EndGlobalSection
	GlobalSection(SolutionProperties) = preSolution
		HideSolutionNode = FALSE
	EndGlobalSection
	GlobalSection(ExtensibilityGlobals) = postSolution
		SolutionGuid = {23DBF40F-F2BF-4D48-9296-342BAC5F9B77}
	EndGlobalSection
EndGlobal
