
Microsoft Visual Studio Solution File, Format Version 12.00
# Visual Studio Version 16
VisualStudioVersion = 16.0.34601.136
MinimumVisualStudioVersion = 10.0.40219.1
Project("{FAE04EC0-301F-11D3-BF4B-00C04F79EFBC}") = "Code_Test0ne", "Code_Test0ne\Code_Test0ne.csproj", "{FF1EA7A5-AA45-4DBB-926F-DC1864A27631}"
EndProject
Global
	GlobalSection(SolutionConfigurationPlatforms) = preSolution
		Debug|Any CPU = Debug|Any CPU
		Release|Any CPU = Release|Any CPU
	EndGlobalSection
	GlobalSection(ProjectConfigurationPlatforms) = postSolution
		{FF1EA7A5-AA45-4DBB-926F-DC1864A27631}.Debug|Any CPU.ActiveCfg = Debug|Any CPU
		{FF1EA7A5-AA45-4DBB-926F-DC1864A27631}.Debug|Any CPU.Build.0 = Debug|Any CPU
		{FF1EA7A5-AA45-4DBB-926F-DC1864A27631}.Release|Any CPU.ActiveCfg = Release|Any CPU
		{FF1EA7A5-AA45-4DBB-926F-DC1864A27631}.Release|Any CPU.Build.0 = Release|Any CPU
	EndGlobalSection
	GlobalSection(SolutionProperties) = preSolution
		HideSolutionNode = FALSE
	EndGlobalSection
	GlobalSection(ExtensibilityGlobals) = postSolution
		SolutionGuid = {10F9F490-59EC-4A56-96A2-745463C67E65}
	EndGlobalSection
EndGlobal
