
Microsoft Visual Studio Solution File, Format Version 12.00
# Visual Studio Version 16
VisualStudioVersion = 16.0.34601.136
MinimumVisualStudioVersion = 10.0.40219.1
Project("{FAE04EC0-301F-11D3-BF4B-00C04F79EFBC}") = "Assgn_3", "Assgn_3\Assgn_3.csproj", "{2C5E5912-99DA-4330-B839-81ACE888516A}"
EndProject
Global
	GlobalSection(SolutionConfigurationPlatforms) = preSolution
		Debug|Any CPU = Debug|Any CPU
		Release|Any CPU = Release|Any CPU
	EndGlobalSection
	GlobalSection(ProjectConfigurationPlatforms) = postSolution
		{2C5E5912-99DA-4330-B839-81ACE888516A}.Debug|Any CPU.ActiveCfg = Debug|Any CPU
		{2C5E5912-99DA-4330-B839-81ACE888516A}.Debug|Any CPU.Build.0 = Debug|Any CPU
		{2C5E5912-99DA-4330-B839-81ACE888516A}.Release|Any CPU.ActiveCfg = Release|Any CPU
		{2C5E5912-99DA-4330-B839-81ACE888516A}.Release|Any CPU.Build.0 = Release|Any CPU
	EndGlobalSection
	GlobalSection(SolutionProperties) = preSolution
		HideSolutionNode = FALSE
	EndGlobalSection
	GlobalSection(ExtensibilityGlobals) = postSolution
		SolutionGuid = {78B756A9-E104-479E-939F-F445AB830BCB}
	EndGlobalSection
EndGlobal
